
Microsoft Visual Studio Solution File, Format Version 12.00
# Visual Studio Version 17
VisualStudioVersion = 17.8.34525.116
MinimumVisualStudioVersion = 10.0.40219.1
Project("{FAE04EC0-301F-11D3-BF4B-00C04F79EFBC}") = "tarea_codigo_original", "tarea_codigo_original.csproj", "{276FCBB4-B15C-4523-A833-46A836AB279A}"
EndProject
Global
	GlobalSection(SolutionConfigurationPlatforms) = preSolution
		Debug|Any CPU = Debug|Any CPU
		Release|Any CPU = Release|Any CPU
	EndGlobalSection
	GlobalSection(ProjectConfigurationPlatforms) = postSolution
		{276FCBB4-B15C-4523-A833-46A836AB279A}.Debug|Any CPU.ActiveCfg = Debug|Any CPU
		{276FCBB4-B15C-4523-A833-46A836AB279A}.Debug|Any CPU.Build.0 = Debug|Any CPU
		{276FCBB4-B15C-4523-A833-46A836AB279A}.Release|Any CPU.ActiveCfg = Release|Any CPU
		{276FCBB4-B15C-4523-A833-46A836AB279A}.Release|Any CPU.Build.0 = Release|Any CPU
	EndGlobalSection
	GlobalSection(SolutionProperties) = preSolution
		HideSolutionNode = FALSE
	EndGlobalSection
	GlobalSection(ExtensibilityGlobals) = postSolution
		SolutionGuid = {6C660B39-11CB-46CF-8013-09D0F91064E3}
	EndGlobalSection
EndGlobal
